
Microsoft Visual Studio Solution File, Format Version 12.00
Project("{FAE04EC0-301F-11D3-BF4B-00C04F79EFBC}") = "Nuages.Identity.UI", "Nuages.Identity.UI\Nuages.Identity.UI.csproj", "{60D3AE30-4F18-495F-B0DB-220D7AA7A588}"
EndProject
Project("{FAE04EC0-301F-11D3-BF4B-00C04F79EFBC}") = "Nuages.Identity.Services", "Nuages.Identity.Services\Nuages.Identity.Services.csproj", "{4C823879-4801-4558-95DE-755A98E34667}"
EndProject
Project("{FAE04EC0-301F-11D3-BF4B-00C04F79EFBC}") = "Nuages.Identity.Cdk.Deploy", "Nuages.Identity.Cdk.Deploy\Nuages.Identity.Cdk.Deploy.csproj", "{2EF13705-D8E2-4004-B746-9119D7C819B9}"
EndProject
Project("{2150E333-8FDC-42A3-9474-1A3956D46DE8}") = ".CDK", ".CDK", "{63171AB3-F1FD-45B7-9C72-DB083963F2C9}"
	ProjectSection(SolutionItems) = preProject
		cdk.json = cdk.json
		build.sh = build.sh
	EndProjectSection
EndProject
Project("{FAE04EC0-301F-11D3-BF4B-00C04F79EFBC}") = "Nuages.Identity.Cdk", "Nuages.Identity.Cdk\Nuages.Identity.Cdk.csproj", "{A64933C4-E4EA-4022-A5D0-4230D08C8E31}"
EndProject
Project("{FAE04EC0-301F-11D3-BF4B-00C04F79EFBC}") = "Nuages.Identity.Services.Tests", "Nuages.Identity.Services.Tests\Nuages.Identity.Services.Tests.csproj", "{7B8C6341-4F4F-4762-88EB-2209F4E3EBF0}"
EndProject
Project("{FAE04EC0-301F-11D3-BF4B-00C04F79EFBC}") = "Nuages.Identity.UI.Tests", "Nuages.Identity.UI.Tests\Nuages.Identity.UI.Tests.csproj", "{6E90CCF4-9D64-4686-B409-C43CFBBDD715}"
EndProject
Project("{FAE04EC0-301F-11D3-BF4B-00C04F79EFBC}") = "Nuages.Fido2", "Nuages.Fido2\Nuages.Fido2.csproj", "{331B91BD-4920-4631-B137-83E54216C8FB}"
EndProject
Project("{FAE04EC0-301F-11D3-BF4B-00C04F79EFBC}") = "Nuages.Fido2.Storage", "Nuages.Fido2.Storage\Nuages.Fido2.Storage.csproj", "{8AF2DF3F-1F65-47C4-9C0A-4A85FE539883}"
EndProject
Project("{FAE04EC0-301F-11D3-BF4B-00C04F79EFBC}") = "Nuages.Fido2.Storage.Mongo", "Nuages.Fido2.Storage.Mongo\Nuages.Fido2.Storage.Mongo.csproj", "{7B2B11B9-0621-49AB-96BB-009408E9B4F1}"
EndProject
Project("{FAE04EC0-301F-11D3-BF4B-00C04F79EFBC}") = "Nuages.Fido2.AspNetIdentity", "Nuages.Fido2.AspNetIdentity\Nuages.Fido2.AspNetIdentity.csproj", "{C55B954C-3302-41DA-9397-04063EBA77EB}"
EndProject
Project("{FAE04EC0-301F-11D3-BF4B-00C04F79EFBC}") = "Nuages.Fido2.Storage.EntityFramework", "Nuages.Fido2.Storage.EntityFramework\Nuages.Fido2.Storage.EntityFramework.csproj", "{7CB77022-2C04-4135-B765-07FBBF970355}"
EndProject
Global
	GlobalSection(SolutionConfigurationPlatforms) = preSolution
		Debug|Any CPU = Debug|Any CPU
		Release|Any CPU = Release|Any CPU
	EndGlobalSection
	GlobalSection(ProjectConfigurationPlatforms) = postSolution
		{60D3AE30-4F18-495F-B0DB-220D7AA7A588}.Debug|Any CPU.ActiveCfg = Debug|Any CPU
		{60D3AE30-4F18-495F-B0DB-220D7AA7A588}.Debug|Any CPU.Build.0 = Debug|Any CPU
		{60D3AE30-4F18-495F-B0DB-220D7AA7A588}.Release|Any CPU.ActiveCfg = Release|Any CPU
		{60D3AE30-4F18-495F-B0DB-220D7AA7A588}.Release|Any CPU.Build.0 = Release|Any CPU
		{4C823879-4801-4558-95DE-755A98E34667}.Debug|Any CPU.ActiveCfg = Debug|Any CPU
		{4C823879-4801-4558-95DE-755A98E34667}.Debug|Any CPU.Build.0 = Debug|Any CPU
		{4C823879-4801-4558-95DE-755A98E34667}.Release|Any CPU.ActiveCfg = Release|Any CPU
		{4C823879-4801-4558-95DE-755A98E34667}.Release|Any CPU.Build.0 = Release|Any CPU
		{2EF13705-D8E2-4004-B746-9119D7C819B9}.Debug|Any CPU.ActiveCfg = Debug|Any CPU
		{2EF13705-D8E2-4004-B746-9119D7C819B9}.Debug|Any CPU.Build.0 = Debug|Any CPU
		{2EF13705-D8E2-4004-B746-9119D7C819B9}.Release|Any CPU.ActiveCfg = Release|Any CPU
		{2EF13705-D8E2-4004-B746-9119D7C819B9}.Release|Any CPU.Build.0 = Release|Any CPU
		{A64933C4-E4EA-4022-A5D0-4230D08C8E31}.Debug|Any CPU.ActiveCfg = Debug|Any CPU
		{A64933C4-E4EA-4022-A5D0-4230D08C8E31}.Debug|Any CPU.Build.0 = Debug|Any CPU
		{A64933C4-E4EA-4022-A5D0-4230D08C8E31}.Release|Any CPU.ActiveCfg = Release|Any CPU
		{A64933C4-E4EA-4022-A5D0-4230D08C8E31}.Release|Any CPU.Build.0 = Release|Any CPU
		{7B8C6341-4F4F-4762-88EB-2209F4E3EBF0}.Debug|Any CPU.ActiveCfg = Debug|Any CPU
		{7B8C6341-4F4F-4762-88EB-2209F4E3EBF0}.Debug|Any CPU.Build.0 = Debug|Any CPU
		{7B8C6341-4F4F-4762-88EB-2209F4E3EBF0}.Release|Any CPU.ActiveCfg = Release|Any CPU
		{7B8C6341-4F4F-4762-88EB-2209F4E3EBF0}.Release|Any CPU.Build.0 = Release|Any CPU
		{6E90CCF4-9D64-4686-B409-C43CFBBDD715}.Debug|Any CPU.ActiveCfg = Debug|Any CPU
		{6E90CCF4-9D64-4686-B409-C43CFBBDD715}.Debug|Any CPU.Build.0 = Debug|Any CPU
		{6E90CCF4-9D64-4686-B409-C43CFBBDD715}.Release|Any CPU.ActiveCfg = Release|Any CPU
		{6E90CCF4-9D64-4686-B409-C43CFBBDD715}.Release|Any CPU.Build.0 = Release|Any CPU
		{331B91BD-4920-4631-B137-83E54216C8FB}.Debug|Any CPU.ActiveCfg = Debug|Any CPU
		{331B91BD-4920-4631-B137-83E54216C8FB}.Debug|Any CPU.Build.0 = Debug|Any CPU
		{331B91BD-4920-4631-B137-83E54216C8FB}.Release|Any CPU.ActiveCfg = Release|Any CPU
		{331B91BD-4920-4631-B137-83E54216C8FB}.Release|Any CPU.Build.0 = Release|Any CPU
		{8AF2DF3F-1F65-47C4-9C0A-4A85FE539883}.Debug|Any CPU.ActiveCfg = Debug|Any CPU
		{8AF2DF3F-1F65-47C4-9C0A-4A85FE539883}.Debug|Any CPU.Build.0 = Debug|Any CPU
		{8AF2DF3F-1F65-47C4-9C0A-4A85FE539883}.Release|Any CPU.ActiveCfg = Release|Any CPU
		{8AF2DF3F-1F65-47C4-9C0A-4A85FE539883}.Release|Any CPU.Build.0 = Release|Any CPU
		{7B2B11B9-0621-49AB-96BB-009408E9B4F1}.Debug|Any CPU.ActiveCfg = Debug|Any CPU
		{7B2B11B9-0621-49AB-96BB-009408E9B4F1}.Debug|Any CPU.Build.0 = Debug|Any CPU
		{7B2B11B9-0621-49AB-96BB-009408E9B4F1}.Release|Any CPU.ActiveCfg = Release|Any CPU
		{7B2B11B9-0621-49AB-96BB-009408E9B4F1}.Release|Any CPU.Build.0 = Release|Any CPU
		{C55B954C-3302-41DA-9397-04063EBA77EB}.Debug|Any CPU.ActiveCfg = Debug|Any CPU
		{C55B954C-3302-41DA-9397-04063EBA77EB}.Debug|Any CPU.Build.0 = Debug|Any CPU
		{C55B954C-3302-41DA-9397-04063EBA77EB}.Release|Any CPU.ActiveCfg = Release|Any CPU
		{C55B954C-3302-41DA-9397-04063EBA77EB}.Release|Any CPU.Build.0 = Release|Any CPU
		{7CB77022-2C04-4135-B765-07FBBF970355}.Debug|Any CPU.ActiveCfg = Debug|Any CPU
		{7CB77022-2C04-4135-B765-07FBBF970355}.Debug|Any CPU.Build.0 = Debug|Any CPU
		{7CB77022-2C04-4135-B765-07FBBF970355}.Release|Any CPU.ActiveCfg = Release|Any CPU
		{7CB77022-2C04-4135-B765-07FBBF970355}.Release|Any CPU.Build.0 = Release|Any CPU
	EndGlobalSection
	GlobalSection(NestedProjects) = preSolution
		{A64933C4-E4EA-4022-A5D0-4230D08C8E31} = {63171AB3-F1FD-45B7-9C72-DB083963F2C9}
		{2EF13705-D8E2-4004-B746-9119D7C819B9} = {63171AB3-F1FD-45B7-9C72-DB083963F2C9}
	EndGlobalSection
EndGlobal
